
Microsoft Visual Studio Solution File, Format Version 12.00
# Visual Studio 14
VisualStudioVersion = 14.0.25420.1
MinimumVisualStudioVersion = 10.0.40219.1
Project("{FAE04EC0-301F-11D3-BF4B-00C04F79EFBC}") = "Console_Day1", "Console_Day1\Console_Day1.csproj", "{ACF9BC27-04C5-43AB-B648-8FDC3C67EAFE}"
EndProject
Global
	GlobalSection(SolutionConfigurationPlatforms) = preSolution
		Debug|Any CPU = Debug|Any CPU
		Release|Any CPU = Release|Any CPU
	EndGlobalSection
	GlobalSection(ProjectConfigurationPlatforms) = postSolution
		{ACF9BC27-04C5-43AB-B648-8FDC3C67EAFE}.Debug|Any CPU.ActiveCfg = Debug|Any CPU
		{ACF9BC27-04C5-43AB-B648-8FDC3C67EAFE}.Debug|Any CPU.Build.0 = Debug|Any CPU
		{ACF9BC27-04C5-43AB-B648-8FDC3C67EAFE}.Release|Any CPU.ActiveCfg = Release|Any CPU
		{ACF9BC27-04C5-43AB-B648-8FDC3C67EAFE}.Release|Any CPU.Build.0 = Release|Any CPU
	EndGlobalSection
	GlobalSection(SolutionProperties) = preSolution
		HideSolutionNode = FALSE
	EndGlobalSection
EndGlobal
